
Microsoft Visual Studio Solution File, Format Version 12.00
# Visual Studio Version 16
VisualStudioVersion = 16.0.31424.327
MinimumVisualStudioVersion = 10.0.40219.1
Project("{FAE04EC0-301F-11D3-BF4B-00C04F79EFBC}") = "AspnetCoreIdentity", "AspnetCoreIdentity\AspnetCoreIdentity.csproj", "{1AF4C004-FB22-417D-99B7-78D00517358E}"
EndProject
Global
	GlobalSection(SolutionConfigurationPlatforms) = preSolution
		Debug|Any CPU = Debug|Any CPU
		Release|Any CPU = Release|Any CPU
	EndGlobalSection
	GlobalSection(ProjectConfigurationPlatforms) = postSolution
		{1AF4C004-FB22-417D-99B7-78D00517358E}.Debug|Any CPU.ActiveCfg = Debug|Any CPU
		{1AF4C004-FB22-417D-99B7-78D00517358E}.Debug|Any CPU.Build.0 = Debug|Any CPU
		{1AF4C004-FB22-417D-99B7-78D00517358E}.Release|Any CPU.ActiveCfg = Release|Any CPU
		{1AF4C004-FB22-417D-99B7-78D00517358E}.Release|Any CPU.Build.0 = Release|Any CPU
	EndGlobalSection
	GlobalSection(SolutionProperties) = preSolution
		HideSolutionNode = FALSE
	EndGlobalSection
	GlobalSection(ExtensibilityGlobals) = postSolution
		SolutionGuid = {CCC059A3-9822-44E7-AA0D-91B709C0D06A}
	EndGlobalSection
EndGlobal
